PODS:
  - HDCollectionView (0.4.9):
    - HDListViewDiffer
    - Yoga (~> 1.9.0)
  - HDListViewDiffer (0.2.0)
  - MJRefresh (3.2.0)
  - SnapKit (4.2.0)
  - Yoga (1.9.0)

DEPENDENCIES:
  - HDCollectionView
  - MJRefresh
  - SnapKit

SPEC REPOS:
  https://cdn.cocoapods.org/:
    - HDCollectionView
    - HDListViewDiffer
    - Yoga
  https://github.com/CocoaPods/Specs.git:
    - MJRefresh
    - SnapKit

SPEC CHECKSUMS:
  HDCollectionView: 4a192e17623517169ccbcc020232d305825c6fb1
  HDListViewDiffer: f1ab8168cfbaddcb93fd57aebeb03a98e7612c46
  MJRefresh: ed450d6eb9d3346a2cb033ab7eb6de090aeef437
  SnapKit: fe8a619752f3f27075cc9a90244d75c6c3f27e2a
  Yoga: aaae8abea68951f60bee05f6277d3eed90bb91bb

PODFILE CHECKSUM: 4950f783b304275e70cd6c0d9870217dc5359bc7

COCOAPODS: 1.8.4
